Microsoft Visual Studio Solution File, Format Version 12.00
# Visual Studio Version 17
VisualStudioVersion = 17.5.2.0
MinimumVisualStudioVersion = 10.0.40219.1
Project("{FAE04EC0-301F-11D3-BF4B-00C04F79EFBC}") = "Core.Backend", "Core.Backend\Core.Backend.csproj", "{8220B585-D97A-8018-EC38-08A95365AF5C}"
EndProject
Project("{FAE04EC0-301F-11D3-BF4B-00C04F79EFBC}") = "Core.Backend.Test", "Core.Backend.Test\Core.Backend.Test.csproj", "{F3B27EA7-CDE3-3959-EA5A-420EDBF61939}"
EndProject
Global
	GlobalSection(SolutionConfigurationPlatforms) = preSolution
		Debug|Any CPU = Debug|Any CPU
		Release|Any CPU = Release|Any CPU
	EndGlobalSection
	GlobalSection(ProjectConfigurationPlatforms) = postSolution
		{8220B585-D97A-8018-EC38-08A95365AF5C}.Debug|Any CPU.ActiveCfg = Debug|Any CPU
		{8220B585-D97A-8018-EC38-08A95365AF5C}.Debug|Any CPU.Build.0 = Debug|Any CPU
		{8220B585-D97A-8018-EC38-08A95365AF5C}.Release|Any CPU.ActiveCfg = Release|Any CPU
		{8220B585-D97A-8018-EC38-08A95365AF5C}.Release|Any CPU.Build.0 = Release|Any CPU
		{F3B27EA7-CDE3-3959-EA5A-420EDBF61939}.Debug|Any CPU.ActiveCfg = Debug|Any CPU
		{F3B27EA7-CDE3-3959-EA5A-420EDBF61939}.Debug|Any CPU.Build.0 = Debug|Any CPU
		{F3B27EA7-CDE3-3959-EA5A-420EDBF61939}.Release|Any CPU.ActiveCfg = Release|Any CPU
		{F3B27EA7-CDE3-3959-EA5A-420EDBF61939}.Release|Any CPU.Build.0 = Release|Any CPU
	EndGlobalSection
	GlobalSection(SolutionProperties) = preSolution
		HideSolutionNode = FALSE
	EndGlobalSection
	GlobalSection(ExtensibilityGlobals) = postSolution
		SolutionGuid = {D385A64A-E9B7-46FC-9572-493AC67DEA87}
	EndGlobalSection
EndGlobal
