
Microsoft Visual Studio Solution File, Format Version 12.00
# Visual Studio Version 17
VisualStudioVersion = 17.4.33122.133
MinimumVisualStudioVersion = 10.0.40219.1
Project("{9A19103F-16F7-4668-BE54-9A1E7A4F7556}") = "Core.DotnetFunctions", "Core.DotnetFunctions.csproj", "{97581433-39B8-4733-A88B-9D421C95109B}"
EndProject
Global
	GlobalSection(SolutionConfigurationPlatforms) = preSolution
		Debug|Any CPU = Debug|Any CPU
		Release|Any CPU = Release|Any CPU
	EndGlobalSection
	GlobalSection(ProjectConfigurationPlatforms) = postSolution
		{97581433-39B8-4733-A88B-9D421C95109B}.Debug|Any CPU.ActiveCfg = Debug|Any CPU
		{97581433-39B8-4733-A88B-9D421C95109B}.Debug|Any CPU.Build.0 = Debug|Any CPU
		{97581433-39B8-4733-A88B-9D421C95109B}.Release|Any CPU.ActiveCfg = Release|Any CPU
		{97581433-39B8-4733-A88B-9D421C95109B}.Release|Any CPU.Build.0 = Release|Any CPU
	EndGlobalSection
	GlobalSection(SolutionProperties) = preSolution
		HideSolutionNode = FALSE
	EndGlobalSection
	GlobalSection(ExtensibilityGlobals) = postSolution
		SolutionGuid = {8625CE39-CF45-498D-8E10-B87D28BA4123}
	EndGlobalSection
EndGlobal
